{
  "requires": true,
  "lockfileVersion": 1,
  "dependencies": {
    "autosize-input": {
      "version": "1.0.2",
      "resolved": "https://registry.npmjs.org/autosize-input/-/autosize-input-1.0.2.tgz",
      "integrity": "sha512-Aido2jsVEn9sJyl/cf+ntRHL0EDHRkvkhOqGfqHs4cw5dwtoGNJMYmflzwOqPh0xwJHADRnxDT5eFTzabnRyhA=="
    }
  }
}
